
Microsoft Visual Studio Solution File, Format Version 12.00
# Visual Studio Version 17
VisualStudioVersion = 17.5.33516.290
MinimumVisualStudioVersion = 10.0.40219.1
Project("{FAE04EC0-301F-11D3-BF4B-00C04F79EFBC}") = "JornadaMilhasAPI", "JornadaMilhasAPI\JornadaMilhasAPI.csproj", "{BEF82AD2-4740-42E8-AC60-DF752952D4F0}"
EndProject
Global
	GlobalSection(SolutionConfigurationPlatforms) = preSolution
		Debug|Any CPU = Debug|Any CPU
		Release|Any CPU = Release|Any CPU
	EndGlobalSection
	GlobalSection(ProjectConfigurationPlatforms) = postSolution
		{BEF82AD2-4740-42E8-AC60-DF752952D4F0}.Debug|Any CPU.ActiveCfg = Debug|Any CPU
		{BEF82AD2-4740-42E8-AC60-DF752952D4F0}.Debug|Any CPU.Build.0 = Debug|Any CPU
		{BEF82AD2-4740-42E8-AC60-DF752952D4F0}.Release|Any CPU.ActiveCfg = Release|Any CPU
		{BEF82AD2-4740-42E8-AC60-DF752952D4F0}.Release|Any CPU.Build.0 = Release|Any CPU
	EndGlobalSection
	GlobalSection(SolutionProperties) = preSolution
		HideSolutionNode = FALSE
	EndGlobalSection
	GlobalSection(ExtensibilityGlobals) = postSolution
		SolutionGuid = {D853CC81-663E-4381-9D39-2DC0B1C6CFD4}
	EndGlobalSection
EndGlobal
